
Microsoft Visual Studio Solution File, Format Version 12.00
# Visual Studio 15
VisualStudioVersion = 15.0.27004.2005
MinimumVisualStudioVersion = 10.0.40219.1
Project("{FAE04EC0-301F-11D3-BF4B-00C04F79EFBC}") = "AbstractFactoryOrnek", "AbstractFactoryOrnek\AbstractFactoryOrnek.csproj", "{25E32B5B-0178-4F29-92D2-F2B96A339F31}"
EndProject
Global
	GlobalSection(SolutionConfigurationPlatforms) = preSolution
		Debug|Any CPU = Debug|Any CPU
		Release|Any CPU = Release|Any CPU
	EndGlobalSection
	GlobalSection(ProjectConfigurationPlatforms) = postSolution
		{25E32B5B-0178-4F29-92D2-F2B96A339F31}.Debug|Any CPU.ActiveCfg = Debug|Any CPU
		{25E32B5B-0178-4F29-92D2-F2B96A339F31}.Debug|Any CPU.Build.0 = Debug|Any CPU
		{25E32B5B-0178-4F29-92D2-F2B96A339F31}.Release|Any CPU.ActiveCfg = Release|Any CPU
		{25E32B5B-0178-4F29-92D2-F2B96A339F31}.Release|Any CPU.Build.0 = Release|Any CPU
	EndGlobalSection
	GlobalSection(SolutionProperties) = preSolution
		HideSolutionNode = FALSE
	EndGlobalSection
	GlobalSection(ExtensibilityGlobals) = postSolution
		SolutionGuid = {08C95FF8-478F-491B-A714-80DD34549C7C}
	EndGlobalSection
EndGlobal
